
Microsoft Visual Studio Solution File, Format Version 12.00
# Visual Studio Version 17
VisualStudioVersion = 17.3.32929.385
MinimumVisualStudioVersion = 10.0.40219.1
Project("{FAE04EC0-301F-11D3-BF4B-00C04F79EFBC}") = "Parts_The_Parts", "Parts_The_Parts\Parts_The_Parts.csproj", "{DBD1D3EB-2D81-419D-888C-80DE4E0670B8}"
EndProject
Global
	GlobalSection(SolutionConfigurationPlatforms) = preSolution
		Debug|Any CPU = Debug|Any CPU
		Release|Any CPU = Release|Any CPU
	EndGlobalSection
	GlobalSection(ProjectConfigurationPlatforms) = postSolution
		{DBD1D3EB-2D81-419D-888C-80DE4E0670B8}.Debug|Any CPU.ActiveCfg = Debug|Any CPU
		{DBD1D3EB-2D81-419D-888C-80DE4E0670B8}.Debug|Any CPU.Build.0 = Debug|Any CPU
		{DBD1D3EB-2D81-419D-888C-80DE4E0670B8}.Release|Any CPU.ActiveCfg = Release|Any CPU
		{DBD1D3EB-2D81-419D-888C-80DE4E0670B8}.Release|Any CPU.Build.0 = Release|Any CPU
	EndGlobalSection
	GlobalSection(SolutionProperties) = preSolution
		HideSolutionNode = FALSE
	EndGlobalSection
	GlobalSection(ExtensibilityGlobals) = postSolution
		SolutionGuid = {3DD2A174-A298-43CF-9320-36CC5E311D4D}
	EndGlobalSection
EndGlobal
